// !$*UTF8*$!
{
	archiveVersion = 1;
	classes = {
	};
	objectVersion = 46;
	objects = {

/* Begin PBXBuildFile section */
		041768F71F8A005800B3D562 /* Info.plist in Resources */ = {isa = PBXBuildFile; fileRef = 041768DD1F8A005800B3D562 /* Info.plist */; };
		041768F81F8A005800B3D562 /* MASCompositeConstraint.m in Sources */ = {isa = PBXBuildFile; fileRef = 041768DF1F8A005800B3D562 /* MASCompositeConstraint.m */; };
		041768F91F8A005800B3D562 /* MASConstraint.m in Sources */ = {isa = PBXBuildFile; fileRef = 041768E21F8A005800B3D562 /* MASConstraint.m */; };
		041768FA1F8A005800B3D562 /* MASConstraintMaker.m in Sources */ = {isa = PBXBuildFile; fileRef = 041768E41F8A005800B3D562 /* MASConstraintMaker.m */; };
		041768FB1F8A005800B3D562 /* MASLayoutConstraint.m in Sources */ = {isa = PBXBuildFile; fileRef = 041768E61F8A005800B3D562 /* MASLayoutConstraint.m */; };
		041768FC1F8A005800B3D562 /* MASViewAttribute.m in Sources */ = {isa = PBXBuildFile; fileRef = 041768EA1F8A005800B3D562 /* MASViewAttribute.m */; };
		041768FD1F8A005800B3D562 /* MASViewConstraint.m in Sources */ = {isa = PBXBuildFile; fileRef = 041768EC1F8A005800B3D562 /* MASViewConstraint.m */; };
		041768FE1F8A005800B3D562 /* NSArray+MASAdditions.m in Sources */ = {isa = PBXBuildFile; fileRef = 041768EE1F8A005800B3D562 /* NSArray+MASAdditions.m */; };
		041768FF1F8A005800B3D562 /* NSLayoutConstraint+MASDebugAdditions.m in Sources */ = {isa = PBXBuildFile; fileRef = 041768F11F8A005800B3D562 /* NSLayoutConstraint+MASDebugAdditions.m */; };
		041769001F8A005800B3D562 /* View+MASAdditions.m in Sources */ = {isa = PBXBuildFile; fileRef = 041768F31F8A005800B3D562 /* View+MASAdditions.m */; };
		041769011F8A005800B3D562 /* ViewController+MASAdditions.m in Sources */ = {isa = PBXBuildFile; fileRef = 041768F61F8A005800B3D562 /* ViewController+MASAdditions.m */; };
		04D317641F8725C400642C75 /* main.m in Sources */ = {isa = PBXBuildFile; fileRef = 04D317631F8725C400642C75 /* main.m */; };
		04D317671F8725C400642C75 /* AppDelegate.m in Sources */ = {isa = PBXBuildFile; fileRef = 04D317661F8725C400642C75 /* AppDelegate.m */; };
		04D3176A1F8725C400642C75 /* ViewController.m in Sources */ = {isa = PBXBuildFile; fileRef = 04D317691F8725C400642C75 /* ViewController.m */; };
		04D3176D1F8725C400642C75 /* Main.storyboard in Resources */ = {isa = PBXBuildFile; fileRef = 04D3176B1F8725C400642C75 /* Main.storyboard */; };
		04D3176F1F8725C400642C75 /* Assets.xcassets in Resources */ = {isa = PBXBuildFile; fileRef = 04D3176E1F8725C400642C75 /* Assets.xcassets */; };
		04D317721F8725C400642C75 /* LaunchScreen.storyboard in Resources */ = {isa = PBXBuildFile; fileRef = 04D317701F8725C400642C75 /* LaunchScreen.storyboard */; };
		04D3177D1F8725C400642C75 /* CountTests.m in Sources */ = {isa = PBXBuildFile; fileRef = 04D3177C1F8725C400642C75 /* CountTests.m */; };
		04D317881F8725C400642C75 /* CountUITests.m in Sources */ = {isa = PBXBuildFile; fileRef = 04D317871F8725C400642C75 /* CountUITests.m */; };
		04D319C61F8726F600642C75 /* Model.m in Sources */ = {isa = PBXBuildFile; fileRef = 04D319C51F8726F600642C75 /* Model.m */; };
		04D319CD1F87289700642C75 /* MainView.m in Sources */ = {isa = PBXBuildFile; fileRef = 04D319CC1F87289700642C75 /* MainView.m */; };
/* End PBXBuildFile section */

/* Begin PBXContainerItemProxy section */
		04D317791F8725C400642C75 /* PBXContainerItemProxy */ = {
			isa = PBXContainerItemProxy;
			containerPortal = 04D317571F8725C400642C75 /* Project object */;
			proxyType = 1;
			remoteGlobalIDString = 04D3175E1F8725C400642C75;
			remoteInfo = Count;
		};
		04D317841F8725C400642C75 /* PBXContainerItemProxy */ = {
			isa = PBXContainerItemProxy;
			containerPortal = 04D317571F8725C400642C75 /* Project object */;
			proxyType = 1;
			remoteGlobalIDString = 04D3175E1F8725C400642C75;
			remoteInfo = Count;
		};
/* End PBXContainerItemProxy section */

/* Begin PBXFileReference section */
		041768DD1F8A005800B3D562 /* Info.plist */ = {isa = PBXFileReference; fileEncoding = 4; lastKnownFileType = text.plist.xml; path = Info.plist; sourceTree = "<group>"; };
		041768DE1F8A005800B3D562 /* MASCompositeConstraint.h */ = {isa = PBXFileReference; fileEncoding = 4; lastKnownFileType = sourcecode.c.h; path = MASCompositeConstraint.h; sourceTree = "<group>"; };
		041768DF1F8A005800B3D562 /* MASCompositeConstraint.m */ = {isa = PBXFileReference; fileEncoding = 4; lastKnownFileType = sourcecode.c.objc; path = MASCompositeConstraint.m; sourceTree = "<group>"; };
		041768E01F8A005800B3D562 /* MASConstraint+Private.h */ = {isa = PBXFileReference; fileEncoding = 4; lastKnownFileType = sourcecode.c.h; path = "MASConstraint+Private.h"; sourceTree = "<group>"; };
		041768E11F8A005800B3D562 /* MASConstraint.h */ = {isa = PBXFileReference; fileEncoding = 4; lastKnownFileType = sourcecode.c.h; path = MASConstraint.h; sourceTree = "<group>"; };
		041768E21F8A005800B3D562 /* MASConstraint.m */ = {isa = PBXFileReference; fileEncoding = 4; lastKnownFileType = sourcecode.c.objc; path = MASConstraint.m; sourceTree = "<group>"; };
		041768E31F8A005800B3D562 /* MASConstraintMaker.h */ = {isa = PBXFileReference; fileEncoding = 4; lastKnownFileType = sourcecode.c.h; path = MASConstraintMaker.h; sourceTree = "<group>"; };
		041768E41F8A005800B3D562 /* MASConstraintMaker.m */ = {isa = PBXFileReference; fileEncoding = 4; lastKnownFileType = sourcecode.c.objc; path = MASConstraintMaker.m; sourceTree = "<group>"; };
		041768E51F8A005800B3D562 /* MASLayoutConstraint.h */ = {isa = PBXFileReference; fileEncoding = 4; lastKnownFileType = sourcecode.c.h; path = MASLayoutConstraint.h; sourceTree = "<group>"; };
		041768E61F8A005800B3D562 /* MASLayoutConstraint.m */ = {isa = PBXFileReference; fileEncoding = 4; lastKnownFileType = sourcecode.c.objc; path = MASLayoutConstraint.m; sourceTree = "<group>"; };
		041768E71F8A005800B3D562 /* Masonry.h */ = {isa = PBXFileReference; fileEncoding = 4; lastKnownFileType = sourcecode.c.h; path = Masonry.h; sourceTree = "<group>"; };
		041768E81F8A005800B3D562 /* MASUtilities.h */ = {isa = PBXFileReference; fileEncoding = 4; lastKnownFileType = sourcecode.c.h; path = MASUtilities.h; sourceTree = "<group>"; };
		041768E91F8A005800B3D562 /* MASViewAttribute.h */ = {isa = PBXFileReference; fileEncoding = 4; lastKnownFileType = sourcecode.c.h; path = MASViewAttribute.h; sourceTree = "<group>"; };
		041768EA1F8A005800B3D562 /* MASViewAttribute.m */ = {isa = PBXFileReference; fileEncoding = 4; lastKnownFileType = sourcecode.c.objc; path = MASViewAttribute.m; sourceTree = "<group>"; };
		041768EB1F8A005800B3D562 /* MASViewConstraint.h */ = {isa = PBXFileReference; fileEncoding = 4; lastKnownFileType = sourcecode.c.h; path = MASViewConstraint.h; sourceTree = "<group>"; };
		041768EC1F8A005800B3D562 /* MASViewConstraint.m */ = {isa = PBXFileReference; fileEncoding = 4; lastKnownFileType = sourcecode.c.objc; path = MASViewConstraint.m; sourceTree = "<group>"; };
		041768ED1F8A005800B3D562 /* NSArray+MASAdditions.h */ = {isa = PBXFileReference; fileEncoding = 4; lastKnownFileType = sourcecode.c.h; path = "NSArray+MASAdditions.h"; sourceTree = "<group>"; };
		041768EE1F8A005800B3D562 /* NSArray+MASAdditions.m */ = {isa = PBXFileReference; fileEncoding = 4; lastKnownFileType = sourcecode.c.objc; path = "NSArray+MASAdditions.m"; sourceTree = "<group>"; };
		041768EF1F8A005800B3D562 /* NSArray+MASShorthandAdditions.h */ = {isa = PBXFileReference; fileEncoding = 4; lastKnownFileType = sourcecode.c.h; path = "NSArray+MASShorthandAdditions.h"; sourceTree = "<group>"; };
		041768F01F8A005800B3D562 /* NSLayoutConstraint+MASDebugAdditions.h */ = {isa = PBXFileReference; fileEncoding = 4; lastKnownFileType = sourcecode.c.h; path = "NSLayoutConstraint+MASDebugAdditions.h"; sourceTree = "<group>"; };
		041768F11F8A005800B3D562 /* NSLayoutConstraint+MASDebugAdditions.m */ = {isa = PBXFileReference; fileEncoding = 4; lastKnownFileType = sourcecode.c.objc; path = "NSLayoutConstraint+MASDebugAdditions.m"; sourceTree = "<group>"; };
		041768F21F8A005800B3D562 /* View+MASAdditions.h */ = {isa = PBXFileReference; fileEncoding = 4; lastKnownFileType = sourcecode.c.h; path = "View+MASAdditions.h"; sourceTree = "<group>"; };
		041768F31F8A005800B3D562 /* View+MASAdditions.m */ = {isa = PBXFileReference; fileEncoding = 4; lastKnownFileType = sourcecode.c.objc; path = "View+MASAdditions.m"; sourceTree = "<group>"; };
		041768F41F8A005800B3D562 /* View+MASShorthandAdditions.h */ = {isa = PBXFileReference; fileEncoding = 4; lastKnownFileType = sourcecode.c.h; path = "View+MASShorthandAdditions.h"; sourceTree = "<group>"; };
		041768F51F8A005800B3D562 /* ViewController+MASAdditions.h */ = {isa = PBXFileReference; fileEncoding = 4; lastKnownFileType = sourcecode.c.h; path = "ViewController+MASAdditions.h"; sourceTree = "<group>"; };
		041768F61F8A005800B3D562 /* ViewController+MASAdditions.m */ = {isa = PBXFileReference; fileEncoding = 4; lastKnownFileType = sourcecode.c.objc; path = "ViewController+MASAdditions.m"; sourceTree = "<group>"; };
		04D3175F1F8725C400642C75 /* Count.app */ = {isa = PBXFileReference; explicitFileType = wrapper.application; includeInIndex = 0; path = Count.app; sourceTree = BUILT_PRODUCTS_DIR; };
		04D317631F8725C400642C75 /* main.m */ = {isa = PBXFileReference; lastKnownFileType = sourcecode.c.objc; path = main.m; sourceTree = "<group>"; };
		04D317651F8725C400642C75 /* AppDelegate.h */ = {isa = PBXFileReference; lastKnownFileType = sourcecode.c.h; path = AppDelegate.h; sourceTree = "<group>"; };
		04D317661F8725C400642C75 /* AppDelegate.m */ = {isa = PBXFileReference; lastKnownFileType = sourcecode.c.objc; path = AppDelegate.m; sourceTree = "<group>"; };
		04D317681F8725C400642C75 /* ViewController.h */ = {isa = PBXFileReference; lastKnownFileType = sourcecode.c.h; path = ViewController.h; sourceTree = "<group>"; };
		04D317691F8725C400642C75 /* ViewController.m */ = {isa = PBXFileReference; lastKnownFileType = sourcecode.c.objc; path = ViewController.m; sourceTree = "<group>"; };
		04D3176C1F8725C400642C75 /* Base */ = {isa = PBXFileReference; lastKnownFileType = file.storyboard; name = Base; path = Base.lproj/Main.storyboard; sourceTree = "<group>"; };
		04D3176E1F8725C400642C75 /* Assets.xcassets */ = {isa = PBXFileReference; lastKnownFileType = folder.assetcatalog; path = Assets.xcassets; sourceTree = "<group>"; };
		04D317711F8725C400642C75 /* Base */ = {isa = PBXFileReference; lastKnownFileType = file.storyboard; name = Base; path = Base.lproj/LaunchScreen.storyboard; sourceTree = "<group>"; };
		04D317731F8725C400642C75 /* Info.plist */ = {isa = PBXFileReference; lastKnownFileType = text.plist.xml; path = Info.plist; sourceTree = "<group>"; };
		04D317781F8725C400642C75 /* CountTests.xctest */ = {isa = PBXFileReference; explicitFileType = wrapper.cfbundle; includeInIndex = 0; path = CountTests.xctest; sourceTree = BUILT_PRODUCTS_DIR; };
		04D3177C1F8725C400642C75 /* CountTests.m */ = {isa = PBXFileReference; lastKnownFileType = sourcecode.c.objc; path = CountTests.m; sourceTree = "<group>"; };
		04D3177E1F8725C400642C75 /* Info.plist */ = {isa = PBXFileReference; lastKnownFileType = text.plist.xml; path = Info.plist; sourceTree = "<group>"; };
		04D317831F8725C400642C75 /* CountUITests.xctest */ = {isa = PBXFileReference; explicitFileType = wrapper.cfbundle; includeInIndex = 0; path = CountUITests.xctest; sourceTree = BUILT_PRODUCTS_DIR; };
		04D317871F8725C400642C75 /* CountUITests.m */ = {isa = PBXFileReference; lastKnownFileType = sourcecode.c.objc; path = CountUITests.m; sourceTree = "<group>"; };
		04D317891F8725C400642C75 /* Info.plist */ = {isa = PBXFileReference; lastKnownFileType = text.plist.xml; path = Info.plist; sourceTree = "<group>"; };
		04D319C41F8726F600642C75 /* Model.h */ = {isa = PBXFileReference; fileEncoding = 4; lastKnownFileType = sourcecode.c.h; path = Model.h; sourceTree = "<group>"; };
		04D319C51F8726F600642C75 /* Model.m */ = {isa = PBXFileReference; fileEncoding = 4; lastKnownFileType = sourcecode.c.objc; path = Model.m; sourceTree = "<group>"; };
		04D319CB1F87289700642C75 /* MainView.h */ = {isa = PBXFileReference; fileEncoding = 4; lastKnownFileType = sourcecode.c.h; path = MainView.h; sourceTree = "<group>"; };
		04D319CC1F87289700642C75 /* MainView.m */ = {isa = PBXFileReference; fileEncoding = 4; lastKnownFileType = sourcecode.c.objc; path = MainView.m; sourceTree = "<group>"; };
/* End PBXFileReference section */

/* Begin PBXFrameworksBuildPhase section */
		04D3175C1F8725C400642C75 /* Frameworks */ = {
			isa = PBXFrameworksBuildPhase;
			buildActionMask = 2147483647;
			files = (
			);
			runOnlyForDeploymentPostprocessing = 0;
		};
		04D317751F8725C400642C75 /* Frameworks */ = {
			isa = PBXFrameworksBuildPhase;
			buildActionMask = 2147483647;
			files = (
			);
			runOnlyForDeploymentPostprocessing = 0;
		};
		04D317801F8725C400642C75 /* Frameworks */ = {
			isa = PBXFrameworksBuildPhase;
			buildActionMask = 2147483647;
			files = (
			);
			runOnlyForDeploymentPostprocessing = 0;
		};
/* End PBXFrameworksBuildPhase section */

/* Begin PBXGroup section */
		041768DC1F8A005800B3D562 /* Masonry */ = {
			isa = PBXGroup;
			children = (
				041768DD1F8A005800B3D562 /* Info.plist */,
				041768DE1F8A005800B3D562 /* MASCompositeConstraint.h */,
				041768DF1F8A005800B3D562 /* MASCompositeConstraint.m */,
				041768E01F8A005800B3D562 /* MASConstraint+Private.h */,
				041768E11F8A005800B3D562 /* MASConstraint.h */,
				041768E21F8A005800B3D562 /* MASConstraint.m */,
				041768E31F8A005800B3D562 /* MASConstraintMaker.h */,
				041768E41F8A005800B3D562 /* MASConstraintMaker.m */,
				041768E51F8A005800B3D562 /* MASLayoutConstraint.h */,
				041768E61F8A005800B3D562 /* MASLayoutConstraint.m */,
				041768E71F8A005800B3D562 /* Masonry.h */,
				041768E81F8A005800B3D562 /* MASUtilities.h */,
				041768E91F8A005800B3D562 /* MASViewAttribute.h */,
				041768EA1F8A005800B3D562 /* MASViewAttribute.m */,
				041768EB1F8A005800B3D562 /* MASViewConstraint.h */,
				041768EC1F8A005800B3D562 /* MASViewConstraint.m */,
				041768ED1F8A005800B3D562 /* NSArray+MASAdditions.h */,
				041768EE1F8A005800B3D562 /* NSArray+MASAdditions.m */,
				041768EF1F8A005800B3D562 /* NSArray+MASShorthandAdditions.h */,
				041768F01F8A005800B3D562 /* NSLayoutConstraint+MASDebugAdditions.h */,
				041768F11F8A005800B3D562 /* NSLayoutConstraint+MASDebugAdditions.m */,
				041768F21F8A005800B3D562 /* View+MASAdditions.h */,
				041768F31F8A005800B3D562 /* View+MASAdditions.m */,
				041768F41F8A005800B3D562 /* View+MASShorthandAdditions.h */,
				041768F51F8A005800B3D562 /* ViewController+MASAdditions.h */,
				041768F61F8A005800B3D562 /* ViewController+MASAdditions.m */,
			);
			name = Masonry;
			path = MasonryNew;
			sourceTree = "<group>";
		};
		04D317561F8725C400642C75 = {
			isa = PBXGroup;
			children = (
				041768DC1F8A005800B3D562 /* Masonry */,
				04D319C31F8726B000642C75 /* CountModel */,
				04D319C71F87285200642C75 /* CountView */,
				04D317611F8725C400642C75 /* Count */,
				04D3177B1F8725C400642C75 /* CountTests */,
				04D317861F8725C400642C75 /* CountUITests */,
				04D317601F8725C400642C75 /* Products */,
			);
			sourceTree = "<group>";
		};
		04D317601F8725C400642C75 /* Products */ = {
			isa = PBXGroup;
			children = (
				04D3175F1F8725C400642C75 /* Count.app */,
				04D317781F8725C400642C75 /* CountTests.xctest */,
				04D317831F8725C400642C75 /* CountUITests.xctest */,
			);
			name = Products;
			sourceTree = "<group>";
		};
		04D317611F8725C400642C75 /* Count */ = {
			isa = PBXGroup;
			children = (
				04D317651F8725C400642C75 /* AppDelegate.h */,
				04D317661F8725C400642C75 /* AppDelegate.m */,
				04D317681F8725C400642C75 /* ViewController.h */,
				04D317691F8725C400642C75 /* ViewController.m */,
				04D3176B1F8725C400642C75 /* Main.storyboard */,
				04D3176E1F8725C400642C75 /* Assets.xcassets */,
				04D317701F8725C400642C75 /* LaunchScreen.storyboard */,
				04D317731F8725C400642C75 /* Info.plist */,
				04D317621F8725C400642C75 /* Supporting Files */,
			);
			path = Count;
			sourceTree = "<group>";
		};
		04D317621F8725C400642C75 /* Supporting Files */ = {
			isa = PBXGroup;
			children = (
				04D317631F8725C400642C75 /* main.m */,
			);
			name = "Supporting Files";
			sourceTree = "<group>";
		};
		04D3177B1F8725C400642C75 /* CountTests */ = {
			isa = PBXGroup;
			children = (
				04D3177C1F8725C400642C75 /* CountTests.m */,
				04D3177E1F8725C400642C75 /* Info.plist */,
			);
			path = CountTests;
			sourceTree = "<group>";
		};
		04D317861F8725C400642C75 /* CountUITests */ = {
			isa = PBXGroup;
			children = (
				04D317871F8725C400642C75 /* CountUITests.m */,
				04D317891F8725C400642C75 /* Info.plist */,
			);
			path = CountUITests;
			sourceTree = "<group>";
		};
		04D319C31F8726B000642C75 /* CountModel */ = {
			isa = PBXGroup;
			children = (
				04D319C41F8726F600642C75 /* Model.h */,
				04D319C51F8726F600642C75 /* Model.m */,
			);
			name = CountModel;
			sourceTree = "<group>";
		};
		04D319C71F87285200642C75 /* CountView */ = {
			isa = PBXGroup;
			children = (
				04D319CB1F87289700642C75 /* MainView.h */,
				04D319CC1F87289700642C75 /* MainView.m */,
			);
			name = CountView;
			sourceTree = "<group>";
		};
/* End PBXGroup section */

/* Begin PBXNativeTarget section */
		04D3175E1F8725C400642C75 /* Count */ = {
			isa = PBXNativeTarget;
			buildConfigurationList = 04D3178C1F8725C400642C75 /* Build configuration list for PBXNativeTarget "Count" */;
			buildPhases = (
				04D3175B1F8725C400642C75 /* Sources */,
				04D3175C1F8725C400642C75 /* Frameworks */,
				04D3175D1F8725C400642C75 /* Resources */,
			);
			buildRules = (
			);
			dependencies = (
			);
			name = Count;
			productName = Count;
			productReference = 04D3175F1F8725C400642C75 /* Count.app */;
			productType = "com.apple.product-type.application";
		};
		04D317771F8725C400642C75 /* CountTests */ = {
			isa = PBXNativeTarget;
			buildConfigurationList = 04D3178F1F8725C400642C75 /* Build configuration list for PBXNativeTarget "CountTests" */;
			buildPhases = (
				04D317741F8725C400642C75 /* Sources */,
				04D317751F8725C400642C75 /* Frameworks */,
				04D317761F8725C400642C75 /* Resources */,
			);
			buildRules = (
			);
			dependencies = (
				04D3177A1F8725C400642C75 /* PBXTargetDependency */,
			);
			name = CountTests;
			productName = CountTests;
			productReference = 04D317781F8725C400642C75 /* CountTests.xctest */;
			productType = "com.apple.product-type.bundle.unit-test";
		};
		04D317821F8725C400642C75 /* CountUITests */ = {
			isa = PBXNativeTarget;
			buildConfigurationList = 04D317921F8725C400642C75 /* Build configuration list for PBXNativeTarget "CountUITests" */;
			buildPhases = (
				04D3177F1F8725C400642C75 /* Sources */,
				04D317801F8725C400642C75 /* Frameworks */,
				04D317811F8725C400642C75 /* Resources */,
			);
			buildRules = (
			);
			dependencies = (
				04D317851F8725C400642C75 /* PBXTargetDependency */,
			);
			name = CountUITests;
			productName = CountUITests;
			productReference = 04D317831F8725C400642C75 /* CountUITests.xctest */;
			productType = "com.apple.product-type.bundle.ui-testing";
		};
/* End PBXNativeTarget section */

/* Begin PBXProject section */
		04D317571F8725C400642C75 /* Project object */ = {
			isa = PBXProject;
			attributes = {
				LastUpgradeCheck = 0830;
				ORGANIZATIONNAME = JACK;
				TargetAttributes = {
					04D3175E1F8725C400642C75 = {
						CreatedOnToolsVersion = 8.3.2;
						ProvisioningStyle = Automatic;
					};
					04D317771F8725C400642C75 = {
						CreatedOnToolsVersion = 8.3.2;
						ProvisioningStyle = Automatic;
						TestTargetID = 04D3175E1F8725C400642C75;
					};
					04D317821F8725C400642C75 = {
						CreatedOnToolsVersion = 8.3.2;
						ProvisioningStyle = Automatic;
						TestTargetID = 04D3175E1F8725C400642C75;
					};
				};
			};
			buildConfigurationList = 04D3175A1F8725C400642C75 /* Build configuration list for PBXProject "Count" */;
			compatibilityVersion = "Xcode 3.2";
			developmentRegion = English;
			hasScannedForEncodings = 0;
			knownRegions = (
				en,
				Base,
			);
			mainGroup = 04D317561F8725C400642C75;
			productRefGroup = 04D317601F8725C400642C75 /* Products */;
			projectDirPath = "";
			projectRoot = "";
			targets = (
				04D3175E1F8725C400642C75 /* Count */,
				04D317771F8725C400642C75 /* CountTests */,
				04D317821F8725C400642C75 /* CountUITests */,
			);
		};
/* End PBXProject section */

/* Begin PBXResourcesBuildPhase section */
		04D3175D1F8725C400642C75 /* Resources */ = {
			isa = PBXResourcesBuildPhase;
			buildActionMask = 2147483647;
			files = (
				041768F71F8A005800B3D562 /* Info.plist in Resources */,
				04D317721F8725C400642C75 /* LaunchScreen.storyboard in Resources */,
				04D3176F1F8725C400642C75 /* Assets.xcassets in Resources */,
				04D3176D1F8725C400642C75 /* Main.storyboard in Resources */,
			);
			runOnlyForDeploymentPostprocessing = 0;
		};
		04D317761F8725C400642C75 /* Resources */ = {
			isa = PBXResourcesBuildPhase;
			buildActionMask = 2147483647;
			files = (
			);
			runOnlyForDeploymentPostprocessing = 0;
		};
		04D317811F8725C400642C75 /* Resources */ = {
			isa = PBXResourcesBuildPhase;
			buildActionMask = 2147483647;
			files = (
			);
			runOnlyForDeploymentPostprocessing = 0;
		};
/* End PBXResourcesBuildPhase section */

/* Begin PBXSourcesBuildPhase section */
		04D3175B1F8725C400642C75 /* Sources */ = {
			isa = PBXSourcesBuildPhase;
			buildActionMask = 2147483647;
			files = (
				041768FF1F8A005800B3D562 /* NSLayoutConstraint+MASDebugAdditions.m in Sources */,
				04D3176A1F8725C400642C75 /* ViewController.m in Sources */,
				041768FD1F8A005800B3D562 /* MASViewConstraint.m in Sources */,
				04D319CD1F87289700642C75 /* MainView.m in Sources */,
				04D317671F8725C400642C75 /* AppDelegate.m in Sources */,
				04D317641F8725C400642C75 /* main.m in Sources */,
				041769001F8A005800B3D562 /* View+MASAdditions.m in Sources */,
				041768F81F8A005800B3D562 /* MASCompositeConstraint.m in Sources */,
				041768FC1F8A005800B3D562 /* MASViewAttribute.m in Sources */,
				041768FA1F8A005800B3D562 /* MASConstraintMaker.m in Sources */,
				041768FE1F8A005800B3D562 /* NSArray+MASAdditions.m in Sources */,
				041769011F8A005800B3D562 /* ViewController+MASAdditions.m in Sources */,
				041768F91F8A005800B3D562 /* MASConstraint.m in Sources */,
				041768FB1F8A005800B3D562 /* MASLayoutConstraint.m in Sources */,
				04D319C61F8726F600642C75 /* Model.m in Sources */,
			);
			runOnlyForDeploymentPostprocessing = 0;
		};
		04D317741F8725C400642C75 /* Sources */ = {
			isa = PBXSourcesBuildPhase;
			buildActionMask = 2147483647;
			files = (
				04D3177D1F8725C400642C75 /* CountTests.m in Sources */,
			);
			runOnlyForDeploymentPostprocessing = 0;
		};
		04D3177F1F8725C400642C75 /* Sources */ = {
			isa = PBXSourcesBuildPhase;
			buildActionMask = 2147483647;
			files = (
				04D317881F8725C400642C75 /* CountUITests.m in Sources */,
			);
			runOnlyForDeploymentPostprocessing = 0;
		};
/* End PBXSourcesBuildPhase section */

/* Begin PBXTargetDependency section */
		04D3177A1F8725C400642C75 /* PBXTargetDependency */ = {
			isa = PBXTargetDependency;
			target = 04D3175E1F8725C400642C75 /* Count */;
			targetProxy = 04D317791F8725C400642C75 /* PBXContainerItemProxy */;
		};
		04D317851F8725C400642C75 /* PBXTargetDependency */ = {
			isa = PBXTargetDependency;
			target = 04D3175E1F8725C400642C75 /* Count */;
			targetProxy = 04D317841F8725C400642C75 /* PBXContainerItemProxy */;
		};
/* End PBXTargetDependency section */

/* Begin PBXVariantGroup section */
		04D3176B1F8725C400642C75 /* Main.storyboard */ = {
			isa = PBXVariantGroup;
			children = (
				04D3176C1F8725C400642C75 /* Base */,
			);
			name = Main.storyboard;
			sourceTree = "<group>";
		};
		04D317701F8725C400642C75 /* LaunchScreen.storyboard */ = {
			isa = PBXVariantGroup;
			children = (
				04D317711F8725C400642C75 /* Base */,
			);
			name = LaunchScreen.storyboard;
			sourceTree = "<group>";
		};
/* End PBXVariantGroup section */

/* Begin XCBuildConfiguration section */
		04D3178A1F8725C400642C75 /* Debug */ = {
			isa = XCBuildConfiguration;
			buildSettings = {
				ALWAYS_SEARCH_USER_PATHS = NO;
				CLANG_ANALYZER_NONNULL = YES;
				CLANG_ANALYZER_NUMBER_OBJECT_CONVERSION = YES_AGGRESSIVE;
				CLANG_CXX_LANGUAGE_STANDARD = "gnu++0x";
				CLANG_CXX_LIBRARY = "libc++";
				CLANG_ENABLE_MODULES = YES;
				CLANG_ENABLE_OBJC_ARC = YES;
				CLANG_WARN_BOOL_CONVERSION = YES;
				CLANG_WARN_CONSTANT_CONVERSION = YES;
				CLANG_WARN_DIRECT_OBJC_ISA_USAGE = YES_ERROR;
				CLANG_WARN_DOCUMENTATION_COMMENTS = YES;
				CLANG_WARN_EMPTY_BODY = YES;
				CLANG_WARN_ENUM_CONVERSION = YES;
				CLANG_WARN_INFINITE_RECURSION = YES;
				CLANG_WARN_INT_CONVERSION = YES;
				CLANG_WARN_OBJC_ROOT_CLASS = YES_ERROR;
				CLANG_WARN_SUSPICIOUS_MOVE = YES;
				CLANG_WARN_UNREACHABLE_CODE = YES;
				CLANG_WARN__DUPLICATE_METHOD_MATCH = YES;
				"CODE_SIGN_IDENTITY[sdk=iphoneos*]" = "iPhone Developer";
				COPY_PHASE_STRIP = NO;
				DEBUG_INFORMATION_FORMAT = dwarf;
				ENABLE_STRICT_OBJC_MSGSEND = YES;
				ENABLE_TESTABILITY = YES;
				GCC_C_LANGUAGE_STANDARD = gnu99;
				GCC_DYNAMIC_NO_PIC = NO;
				GCC_NO_COMMON_BLOCKS = YES;
				GCC_OPTIMIZATION_LEVEL = 0;
				GCC_PREPROCESSOR_DEFINITIONS = (
					"DEBUG=1",
					"$(inherited)",
				);
				GCC_WARN_64_TO_32_BIT_CONVERSION = YES;
				GCC_WARN_ABOUT_RETURN_TYPE = YES_ERROR;
				GCC_WARN_UNDECLARED_SELECTOR = YES;
				GCC_WARN_UNINITIALIZED_AUTOS = YES_AGGRESSIVE;
				GCC_WARN_UNUSED_FUNCTION = YES;
				GCC_WARN_UNUSED_VARIABLE = YES;
				IPHONEOS_DEPLOYMENT_TARGET = 10.3;
				MTL_ENABLE_DEBUG_INFO = YES;
				ONLY_ACTIVE_ARCH = YES;
				SDKROOT = iphoneos;
			};
			name = Debug;
		};
		04D3178B1F8725C400642C75 /* Release */ = {
			isa = XCBuildConfiguration;
			buildSettings = {
				ALWAYS_SEARCH_USER_PATHS = NO;
				CLANG_ANALYZER_NONNULL = YES;
				CLANG_ANALYZER_NUMBER_OBJECT_CONVERSION = YES_AGGRESSIVE;
				CLANG_CXX_LANGUAGE_STANDARD = "gnu++0x";
				CLANG_CXX_LIBRARY = "libc++";
				CLANG_ENABLE_MODULES = YES;
				CLANG_ENABLE_OBJC_ARC = YES;
				CLANG_WARN_BOOL_CONVERSION = YES;
				CLANG_WARN_CONSTANT_CONVERSION = YES;
				CLANG_WARN_DIRECT_OBJC_ISA_USAGE = YES_ERROR;
				CLANG_WARN_DOCUMENTATION_COMMENTS = YES;
				CLANG_WARN_EMPTY_BODY = YES;
				CLANG_WARN_ENUM_CONVERSION = YES;
				CLANG_WARN_INFINITE_RECURSION = YES;
				CLANG_WARN_INT_CONVERSION = YES;
				CLANG_WARN_OBJC_ROOT_CLASS = YES_ERROR;
				CLANG_WARN_SUSPICIOUS_MOVE = YES;
				CLANG_WARN_UNREACHABLE_CODE = YES;
				CLANG_WARN__DUPLICATE_METHOD_MATCH = YES;
				"CODE_SIGN_IDENTITY[sdk=iphoneos*]" = "iPhone Developer";
				COPY_PHASE_STRIP = NO;
				DEBUG_INFORMATION_FORMAT = "dwarf-with-dsym";
				ENABLE_NS_ASSERTIONS = NO;
				ENABLE_STRICT_OBJC_MSGSEND = YES;
				GCC_C_LANGUAGE_STANDARD = gnu99;
				GCC_NO_COMMON_BLOCKS = YES;
				GCC_WARN_64_TO_32_BIT_CONVERSION = YES;
				GCC_WARN_ABOUT_RETURN_TYPE = YES_ERROR;
				GCC_WARN_UNDECLARED_SELECTOR = YES;
				GCC_WARN_UNINITIALIZED_AUTOS = YES_AGGRESSIVE;
				GCC_WARN_UNUSED_FUNCTION = YES;
				GCC_WARN_UNUSED_VARIABLE = YES;
				IPHONEOS_DEPLOYMENT_TARGET = 10.3;
				MTL_ENABLE_DEBUG_INFO = NO;
				SDKROOT = iphoneos;
				VALIDATE_PRODUCT = YES;
			};
			name = Release;
		};
		04D3178D1F8725C400642C75 /* Debug */ = {
			isa = XCBuildConfiguration;
			buildSettings = {
				ASSETCATALOG_COMPILER_APPICON_NAME = AppIcon;
				INFOPLIST_FILE = Count/Info.plist;
				LD_RUNPATH_SEARCH_PATHS = "$(inherited) @executable_path/Frameworks";
				PRODUCT_BUNDLE_IDENTIFIER = "-.Count";
				PRODUCT_NAME = "$(TARGET_NAME)";
			};
			name = Debug;
		};
		04D3178E1F8725C400642C75 /* Release */ = {
			isa = XCBuildConfiguration;
			buildSettings = {
				ASSETCATALOG_COMPILER_APPICON_NAME = AppIcon;
				INFOPLIST_FILE = Count/Info.plist;
				LD_RUNPATH_SEARCH_PATHS = "$(inherited) @executable_path/Frameworks";
				PRODUCT_BUNDLE_IDENTIFIER = "-.Count";
				PRODUCT_NAME = "$(TARGET_NAME)";
			};
			name = Release;
		};
		04D317901F8725C400642C75 /* Debug */ = {
			isa = XCBuildConfiguration;
			buildSettings = {
				BUNDLE_LOADER = "$(TEST_HOST)";
				INFOPLIST_FILE = CountTests/Info.plist;
				LD_RUNPATH_SEARCH_PATHS = "$(inherited) @executable_path/Frameworks @loader_path/Frameworks";
				PRODUCT_BUNDLE_IDENTIFIER = "-.CountTests";
				PRODUCT_NAME = "$(TARGET_NAME)";
				TEST_HOST = "$(BUILT_PRODUCTS_DIR)/Count.app/Count";
			};
			name = Debug;
		};
		04D317911F8725C400642C75 /* Release */ = {
			isa = XCBuildConfiguration;
			buildSettings = {
				BUNDLE_LOADER = "$(TEST_HOST)";
				INFOPLIST_FILE = CountTests/Info.plist;
				LD_RUNPATH_SEARCH_PATHS = "$(inherited) @executable_path/Frameworks @loader_path/Frameworks";
				PRODUCT_BUNDLE_IDENTIFIER = "-.CountTests";
				PRODUCT_NAME = "$(TARGET_NAME)";
				TEST_HOST = "$(BUILT_PRODUCTS_DIR)/Count.app/Count";
			};
			name = Release;
		};
		04D317931F8725C400642C75 /* Debug */ = {
			isa = XCBuildConfiguration;
			buildSettings = {
				INFOPLIST_FILE = CountUITests/Info.plist;
				LD_RUNPATH_SEARCH_PATHS = "$(inherited) @executable_path/Frameworks @loader_path/Frameworks";
				PRODUCT_BUNDLE_IDENTIFIER = "-.CountUITests";
				PRODUCT_NAME = "$(TARGET_NAME)";
				TEST_TARGET_NAME = Count;
			};
			name = Debug;
		};
		04D317941F8725C400642C75 /* Release */ = {
			isa = XCBuildConfiguration;
			buildSettings = {
				INFOPLIST_FILE = CountUITests/Info.plist;
				LD_RUNPATH_SEARCH_PATHS = "$(inherited) @executable_path/Frameworks @loader_path/Frameworks";
				PRODUCT_BUNDLE_IDENTIFIER = "-.CountUITests";
				PRODUCT_NAME = "$(TARGET_NAME)";
				TEST_TARGET_NAME = Count;
			};
			name = Release;
		};
/* End XCBuildConfiguration section */

/* Begin XCConfigurationList section */
		04D3175A1F8725C400642C75 /* Build configuration list for PBXProject "Count" */ = {
			isa = XCConfigurationList;
			buildConfigurations = (
				04D3178A1F8725C400642C75 /* Debug */,
				04D3178B1F8725C400642C75 /* Release */,
			);
			defaultConfigurationIsVisible = 0;
			defaultConfigurationName = Release;
		};
		04D3178C1F8725C400642C75 /* Build configuration list for PBXNativeTarget "Count" */ = {
			isa = XCConfigurationList;
			buildConfigurations = (
				04D3178D1F8725C400642C75 /* Debug */,
				04D3178E1F8725C400642C75 /* Release */,
			);
			defaultConfigurationIsVisible = 0;
			defaultConfigurationName = Release;
		};
		04D3178F1F8725C400642C75 /* Build configuration list for PBXNativeTarget "CountTests" */ = {
			isa = XCConfigurationList;
			buildConfigurations = (
				04D317901F8725C400642C75 /* Debug */,
				04D317911F8725C400642C75 /* Release */,
			);
			defaultConfigurationIsVisible = 0;
			defaultConfigurationName = Release;
		};
		04D317921F8725C400642C75 /* Build configuration list for PBXNativeTarget "CountUITests" */ = {
			isa = XCConfigurationList;
			buildConfigurations = (
				04D317931F8725C400642C75 /* Debug */,
				04D317941F8725C400642C75 /* Release */,
			);
			defaultConfigurationIsVisible = 0;
			defaultConfigurationName = Release;
		};
/* End XCConfigurationList section */
	};
	rootObject = 04D317571F8725C400642C75 /* Project object */;
}
